{
  "object": {
    "pins": [
      {
        "package": "Queuer",
        "repositoryURL": "https://github.com/FabrizioBrancati/Queuer.git",
        "state": {
          "branch": null,
          "revision": "8bf0b4cae3893f970e733025646d07fe8a39fb15",
          "version": "3.0.1"
        }
      }
    ]
  },
  "version": 1
}
