{
  "object": {
    "pins": [
      {
        "package": "Queuer",
        "repositoryURL": "https://github.com/FabrizioBrancati/Queuer.git",
        "state": {
          "branch": null,
          "revision": "98c879b19872035cfdf6fd9393a49cb840a8cf39",
          "version": "3.0.0"
        }
      }
    ]
  },
  "version": 1
}
